<?xml version="1.0" encoding="utf-8"?>
<Project ToolsVersion="4.0" xmlns="http://schemas.microsoft.com/developer/msbuild/2003">
  <ItemGroup>
    <Filter Include="Source Files">
      <UniqueIdentifier>{4FC737F1-C7A5-4376-A066-2A32D752A2FF}</UniqueIdentifier>
      <Extensions>cpp;c;cc;cxx;c++;def;odl;idl;hpj;bat;asm;asmx</Extensions>
    </Filter>
    <Filter Include="Header Files">
      <UniqueIdentifier>{93995380-89BD-4b04-88EB-625FBE52EBFB}</UniqueIdentifier>
      <Extensions>h;hh;hpp;hxx;h++;hm;inl;inc;ipp;xsd</Extensions>
    </Filter>
    <Filter Include="Resource Files">
      <UniqueIdentifier>{67DA6AB6-F800-4c08-8B7A-83BB121AAD01}</UniqueIdentifier>
      <Extensions>rc;ico;cur;bmp;dlg;rc2;rct;bin;rgs;gif;jpg;jpeg;jpe;resx;tiff;tif;png;wav;mfcribbon-ms</Extensions>
    </Filter>
  </ItemGroup>
  <ItemGroup>
    <ClCompile Include="GLTools.cpp">
      <Filter>Source Files</Filter>
    </ClCompile>
    <ClCompile Include="main.cpp">
      <Filter>Source Files</Filter>
    </ClCompile>
  </ItemGroup>
  <ItemGroup>
    <ClInclude Include="GLTools.hpp">
      <Filter>Source Files</Filter>
    </ClInclude>
    <ClInclude Include="ModelView.hpp">
      <Filter>Source Files</Filter>
    </ClInclude>
    <ClInclude Include="AnimView.hpp">
      <Filter>Source Files</Filter>
    </ClInclude>
    <ClInclude Include="Particle.hpp">
      <Filter>Source Files</Filter>
    </ClInclude>
    <ClInclude Include="SPHSystem.hpp">
      <Filter>Source Files</Filter>
    </ClInclude>
    <ClInclude Include="SpatialHash.hpp">
      <Filter>Source Files</Filter>
    </ClInclude>
    <ClInclude Include="SPH.hpp">
      <Filter>Source Files</Filter>
    </ClInclude>
    <ClInclude Include="Visualize.hpp">
      <Filter>Source Files</Filter>
    </ClInclude>
    <ClInclude Include="MarchingCube.hpp">
      <Filter>Source Files</Filter>
    </ClInclude>
    <ClInclude Include="MeshGrid.hpp">
      <Filter>Source Files</Filter>
    </ClInclude>
    <ClInclude Include="SPH_GPU.hpp">
      <Filter>Source Files</Filter>
    </ClInclude>
    <ClInclude Include="MeshGrid_GPU.hpp">
      <Filter>Source Files</Filter>
    </ClInclude>
  </ItemGroup>
  <ItemGroup>
    <None Include="..\Res\shader.frag">
      <Filter>Resource Files</Filter>
    </None>
    <None Include="..\Res\shader.vert">
      <Filter>Resource Files</Filter>
    </None>
    <None Include="..\Res\const.frag">
      <Filter>Resource Files</Filter>
    </None>
    <None Include="..\Res\const.vert">
      <Filter>Resource Files</Filter>
    </None>
    <None Include="..\Res\density_pressure.comp">
      <Filter>Resource Files</Filter>
    </None>
    <None Include="..\Res\force.comp">
      <Filter>Resource Files</Filter>
    </None>
    <None Include="..\Res\integration.comp">
      <Filter>Resource Files</Filter>
    </None>
    <None Include="..\Res\marchingCube.comp">
      <Filter>Resource Files</Filter>
    </None>
    <None Include="..\Res\SDF.comp">
      <Filter>Resource Files</Filter>
    </None>
    <None Include="..\Res\vertexNormal.comp">
      <Filter>Resource Files</Filter>
    </None>
  </ItemGroup>
</Project>